
Microsoft Visual Studio Solution File, Format Version 12.00
# Visual Studio 15
VisualStudioVersion = 15.0.28307.572
MinimumVisualStudioVersion = 10.0.40219.1
Project("{FAE04EC0-301F-11D3-BF4B-00C04F79EFBC}") = "WebApplication1", "WebApplication1\WebApplication1.csproj", "{EE743F6C-11BF-403C-8D71-359735DF57C2}"
EndProject
Global
	GlobalSection(SolutionConfigurationPlatforms) = preSolution
		Debug|Any CPU = Debug|Any CPU
		Release|Any CPU = Release|Any CPU
	EndGlobalSection
	GlobalSection(ProjectConfigurationPlatforms) = postSolution
		{EE743F6C-11BF-403C-8D71-359735DF57C2}.Debug|Any CPU.ActiveCfg = Debug|Any CPU
		{EE743F6C-11BF-403C-8D71-359735DF57C2}.Debug|Any CPU.Build.0 = Debug|Any CPU
		{EE743F6C-11BF-403C-8D71-359735DF57C2}.Release|Any CPU.ActiveCfg = Release|Any CPU
		{EE743F6C-11BF-403C-8D71-359735DF57C2}.Release|Any CPU.Build.0 = Release|Any CPU
	EndGlobalSection
	GlobalSection(SolutionProperties) = preSolution
		HideSolutionNode = FALSE
	EndGlobalSection
	GlobalSection(ExtensibilityGlobals) = postSolution
		SolutionGuid = {C2204D73-6082-4628-BB82-EB0D0F938939}
	EndGlobalSection
EndGlobal
